
Microsoft Visual Studio Solution File, Format Version 12.00
# Visual Studio Version 17
VisualStudioVersion = 17.9.34723.18
MinimumVisualStudioVersion = 10.0.40219.1
Project("{FAE04EC0-301F-11D3-BF4B-00C04F79EFBC}") = "WadFinal", "WadFinal\WadFinal.csproj", "{DF5A023B-57DD-4A7E-B3A6-F52D4EAB1900}"
EndProject
Global
	GlobalSection(SolutionConfigurationPlatforms) = preSolution
		Debug|Any CPU = Debug|Any CPU
		Release|Any CPU = Release|Any CPU
	EndGlobalSection
	GlobalSection(ProjectConfigurationPlatforms) = postSolution
		{DF5A023B-57DD-4A7E-B3A6-F52D4EAB1900}.Debug|Any CPU.ActiveCfg = Debug|Any CPU
		{DF5A023B-57DD-4A7E-B3A6-F52D4EAB1900}.Debug|Any CPU.Build.0 = Debug|Any CPU
		{DF5A023B-57DD-4A7E-B3A6-F52D4EAB1900}.Release|Any CPU.ActiveCfg = Release|Any CPU
		{DF5A023B-57DD-4A7E-B3A6-F52D4EAB1900}.Release|Any CPU.Build.0 = Release|Any CPU
	EndGlobalSection
	GlobalSection(SolutionProperties) = preSolution
		HideSolutionNode = FALSE
	EndGlobalSection
	GlobalSection(ExtensibilityGlobals) = postSolution
		SolutionGuid = {17D6507A-96A5-41E4-AFA3-474A869E1786}
	EndGlobalSection
EndGlobal
